
Microsoft Visual Studio Solution File, Format Version 12.00
# Visual Studio 15
VisualStudioVersion = 15.0.28307.572
MinimumVisualStudioVersion = 10.0.40219.1
Project("{9A19103F-16F7-4668-BE54-9A1E7A4F7556}") = "Detego", "Detego\Detego.csproj", "{74D0A584-54AA-4C32-9F3B-6F0CE2E47859}"
EndProject
Project("{9A19103F-16F7-4668-BE54-9A1E7A4F7556}") = "RfidReaderAdapter", "RfidReaderAdapter\RfidReaderAdapter.csproj", "{0355C305-D20F-4003-9976-4A42D69B597F}"
EndProject
Global
	GlobalSection(SolutionConfigurationPlatforms) = preSolution
		Debug|Any CPU = Debug|Any CPU
		Release|Any CPU = Release|Any CPU
	EndGlobalSection
	GlobalSection(ProjectConfigurationPlatforms) = postSolution
		{74D0A584-54AA-4C32-9F3B-6F0CE2E47859}.Debug|Any CPU.ActiveCfg = Debug|Any CPU
		{74D0A584-54AA-4C32-9F3B-6F0CE2E47859}.Debug|Any CPU.Build.0 = Debug|Any CPU
		{74D0A584-54AA-4C32-9F3B-6F0CE2E47859}.Release|Any CPU.ActiveCfg = Release|Any CPU
		{74D0A584-54AA-4C32-9F3B-6F0CE2E47859}.Release|Any CPU.Build.0 = Release|Any CPU
		{0355C305-D20F-4003-9976-4A42D69B597F}.Debug|Any CPU.ActiveCfg = Debug|Any CPU
		{0355C305-D20F-4003-9976-4A42D69B597F}.Debug|Any CPU.Build.0 = Debug|Any CPU
		{0355C305-D20F-4003-9976-4A42D69B597F}.Release|Any CPU.ActiveCfg = Release|Any CPU
		{0355C305-D20F-4003-9976-4A42D69B597F}.Release|Any CPU.Build.0 = Release|Any CPU
	EndGlobalSection
	GlobalSection(SolutionProperties) = preSolution
		HideSolutionNode = FALSE
	EndGlobalSection
	GlobalSection(ExtensibilityGlobals) = postSolution
		SolutionGuid = {7E797464-25CE-4BD7-8F7C-CBC7C5087DFF}
	EndGlobalSection
EndGlobal
